
Microsoft Visual Studio Solution File, Format Version 12.00
# Visual Studio 14
VisualStudioVersion = 14.0.25420.1
MinimumVisualStudioVersion = 10.0.40219.1
Project("{888888A0-9F3D-457C-B088-3A5042F75D52}") = "Coding_Everybody_Python객체와모듈활용과다중상속", "Coding_Everybody_Python객체와모듈활용과다중상속\Coding_Everybody_Python객체와모듈활용과다중상속.pyproj", "{660683A7-7067-40B7-B8C0-9978B36BD84F}"
EndProject
Global
	GlobalSection(SolutionConfigurationPlatforms) = preSolution
		Debug|Any CPU = Debug|Any CPU
		Release|Any CPU = Release|Any CPU
	EndGlobalSection
	GlobalSection(ProjectConfigurationPlatforms) = postSolution
		{660683A7-7067-40B7-B8C0-9978B36BD84F}.Debug|Any CPU.ActiveCfg = Debug|Any CPU
		{660683A7-7067-40B7-B8C0-9978B36BD84F}.Release|Any CPU.ActiveCfg = Release|Any CPU
	EndGlobalSection
	GlobalSection(SolutionProperties) = preSolution
		HideSolutionNode = FALSE
	EndGlobalSection
EndGlobal
