
Microsoft Visual Studio Solution File, Format Version 12.00
# Visual Studio 14
VisualStudioVersion = 14.0.25420.1
MinimumVisualStudioVersion = 10.0.40219.1
Project("{888888A0-9F3D-457C-B088-3A5042F75D52}") = "Coding_Everybody_Python객체", "Coding_Everybody_Python객체\Coding_Everybody_Python객체.pyproj", "{69706DE7-7E1F-4ADC-92CC-28204C239F1C}"
EndProject
Global
	GlobalSection(SolutionConfigurationPlatforms) = preSolution
		Debug|Any CPU = Debug|Any CPU
		Release|Any CPU = Release|Any CPU
	EndGlobalSection
	GlobalSection(ProjectConfigurationPlatforms) = postSolution
		{69706DE7-7E1F-4ADC-92CC-28204C239F1C}.Debug|Any CPU.ActiveCfg = Debug|Any CPU
		{69706DE7-7E1F-4ADC-92CC-28204C239F1C}.Release|Any CPU.ActiveCfg = Release|Any CPU
	EndGlobalSection
	GlobalSection(SolutionProperties) = preSolution
		HideSolutionNode = FALSE
	EndGlobalSection
EndGlobal
